
Microsoft Visual Studio Solution File, Format Version 12.00
# Visual Studio 15
Project("{FAE04EC0-301F-11D3-BF4B-00C04F79EFBC}") = "UnityEngine.TestRunner", "UnityEngine.TestRunner.csproj", "{E3A26211-6414-FE19-7A8E-76FB66329B2B}"
EndProject
Project("{FAE04EC0-301F-11D3-BF4B-00C04F79EFBC}") = "Unity.Timeline", "Unity.Timeline.csproj", "{E8E7CCC5-766A-AE8F-FE8F-6DD190EACE9C}"
EndProject
Project("{FAE04EC0-301F-11D3-BF4B-00C04F79EFBC}") = "UnityEngine.UI", "UnityEngine.UI.csproj", "{AACEC0CA-18A2-4F8A-DED6-0D87811A439B}"
EndProject
Project("{FAE04EC0-301F-11D3-BF4B-00C04F79EFBC}") = "Unity.TextMeshPro", "Unity.TextMeshPro.csproj", "{C53E7C07-C296-05DA-E2F6-301875D4780D}"
EndProject
Project("{FAE04EC0-301F-11D3-BF4B-00C04F79EFBC}") = "Assembly-CSharp", "Assembly-CSharp.csproj", "{8C1E2CB6-4295-B6A0-DF4B-149387BBAA8F}"
EndProject
Project("{FAE04EC0-301F-11D3-BF4B-00C04F79EFBC}") = "UnityEditor.TestRunner", "UnityEditor.TestRunner.csproj", "{E5261E3E-E9C7-4C5C-00DB-409E6D096BFA}"
EndProject
Project("{FAE04EC0-301F-11D3-BF4B-00C04F79EFBC}") = "Unity.PlasticSCM.Editor", "Unity.PlasticSCM.Editor.csproj", "{EAB46F19-6DBA-AA3E-6260-7F20E10AF8D7}"
EndProject
Project("{FAE04EC0-301F-11D3-BF4B-00C04F79EFBC}") = "UnityEditor.UI", "UnityEditor.UI.csproj", "{4473D83E-F9D0-E4E1-414F-D71A18198EC5}"
EndProject
Project("{FAE04EC0-301F-11D3-BF4B-00C04F79EFBC}") = "Unity.Services.Core.Editor", "Unity.Services.Core.Editor.csproj", "{1237CC26-A119-4107-0219-CCDDE6B7DE79}"
EndProject
Project("{FAE04EC0-301F-11D3-BF4B-00C04F79EFBC}") = "Unity.Timeline.Editor", "Unity.Timeline.Editor.csproj", "{49492DD8-6359-015E-1DE1-184318625B09}"
EndProject
Project("{FAE04EC0-301F-11D3-BF4B-00C04F79EFBC}") = "Unity.VisualStudio.Editor", "Unity.VisualStudio.Editor.csproj", "{97213863-E01A-8CC1-B1F4-E239667D54B9}"
EndProject
Project("{FAE04EC0-301F-11D3-BF4B-00C04F79EFBC}") = "Unity.TextMeshPro.Editor", "Unity.TextMeshPro.Editor.csproj", "{A3F73E0C-5A44-1CA3-CABA-6D17C70E89D2}"
EndProject
Project("{FAE04EC0-301F-11D3-BF4B-00C04F79EFBC}") = "Unity.CollabProxy.Editor", "Unity.CollabProxy.Editor.csproj", "{E9614976-3859-4637-9D26-40118D4C5F83}"
EndProject
Project("{FAE04EC0-301F-11D3-BF4B-00C04F79EFBC}") = "Unity.Rider.Editor", "Unity.Rider.Editor.csproj", "{BF7F1430-A0FC-2674-E5E9-7508E43327FF}"
EndProject
Project("{FAE04EC0-301F-11D3-BF4B-00C04F79EFBC}") = "Unity.VSCode.Editor", "Unity.VSCode.Editor.csproj", "{40FD68BA-8847-B9DD-5E0A-A5E5CC9E0145}"
EndProject
Project("{FAE04EC0-301F-11D3-BF4B-00C04F79EFBC}") = "UnityEngine.TestRunner", "UnityEngine.TestRunner.Player.csproj", "{7A4A0066-ADC1-5730-081A-841E6FCDE270}"
EndProject
Project("{FAE04EC0-301F-11D3-BF4B-00C04F79EFBC}") = "Unity.Timeline", "Unity.Timeline.Player.csproj", "{56F608EB-E319-D3D7-797E-9792748D06E5}"
EndProject
Project("{FAE04EC0-301F-11D3-BF4B-00C04F79EFBC}") = "UnityEngine.UI", "UnityEngine.UI.Player.csproj", "{E4D3B621-E0F6-BACE-44DF-20F4BCE0A5AE}"
EndProject
Project("{FAE04EC0-301F-11D3-BF4B-00C04F79EFBC}") = "Unity.TextMeshPro", "Unity.TextMeshPro.Player.csproj", "{896EA079-FA1E-1FEF-8659-5BE36FE2EE03}"
EndProject
Project("{FAE04EC0-301F-11D3-BF4B-00C04F79EFBC}") = "Assembly-CSharp", "Assembly-CSharp.Player.csproj", "{081376D7-EC50-F472-3073-AABB9700D331}"
EndProject
Global
	GlobalSection(SolutionConfigurationPlatforms) = preSolution
		Debug|Any CPU = Debug|Any CPU
		Release|Any CPU = Release|Any CPU
	EndGlobalSection
	GlobalSection(ProjectConfigurationPlatforms) = postSolution
		{E3A26211-6414-FE19-7A8E-76FB66329B2B}.Debug|Any CPU.ActiveCfg = Debug|Any CPU
		{E3A26211-6414-FE19-7A8E-76FB66329B2B}.Debug|Any CPU.Build.0 = Debug|Any CPU
		{E3A26211-6414-FE19-7A8E-76FB66329B2B}.Release|Any CPU.ActiveCfg = Release|Any CPU
		{E3A26211-6414-FE19-7A8E-76FB66329B2B}.Release|Any CPU.Build.0 = Release|Any CPU
		{E8E7CCC5-766A-AE8F-FE8F-6DD190EACE9C}.Debug|Any CPU.ActiveCfg = Debug|Any CPU
		{E8E7CCC5-766A-AE8F-FE8F-6DD190EACE9C}.Debug|Any CPU.Build.0 = Debug|Any CPU
		{E8E7CCC5-766A-AE8F-FE8F-6DD190EACE9C}.Release|Any CPU.ActiveCfg = Release|Any CPU
		{E8E7CCC5-766A-AE8F-FE8F-6DD190EACE9C}.Release|Any CPU.Build.0 = Release|Any CPU
		{AACEC0CA-18A2-4F8A-DED6-0D87811A439B}.Debug|Any CPU.ActiveCfg = Debug|Any CPU
		{AACEC0CA-18A2-4F8A-DED6-0D87811A439B}.Debug|Any CPU.Build.0 = Debug|Any CPU
		{AACEC0CA-18A2-4F8A-DED6-0D87811A439B}.Release|Any CPU.ActiveCfg = Release|Any CPU
		{AACEC0CA-18A2-4F8A-DED6-0D87811A439B}.Release|Any CPU.Build.0 = Release|Any CPU
		{C53E7C07-C296-05DA-E2F6-301875D4780D}.Debug|Any CPU.ActiveCfg = Debug|Any CPU
		{C53E7C07-C296-05DA-E2F6-301875D4780D}.Debug|Any CPU.Build.0 = Debug|Any CPU
		{C53E7C07-C296-05DA-E2F6-301875D4780D}.Release|Any CPU.ActiveCfg = Release|Any CPU
		{C53E7C07-C296-05DA-E2F6-301875D4780D}.Release|Any CPU.Build.0 = Release|Any CPU
		{8C1E2CB6-4295-B6A0-DF4B-149387BBAA8F}.Debug|Any CPU.ActiveCfg = Debug|Any CPU
		{8C1E2CB6-4295-B6A0-DF4B-149387BBAA8F}.Debug|Any CPU.Build.0 = Debug|Any CPU
		{8C1E2CB6-4295-B6A0-DF4B-149387BBAA8F}.Release|Any CPU.ActiveCfg = Release|Any CPU
		{8C1E2CB6-4295-B6A0-DF4B-149387BBAA8F}.Release|Any CPU.Build.0 = Release|Any CPU
		{E5261E3E-E9C7-4C5C-00DB-409E6D096BFA}.Debug|Any CPU.ActiveCfg = Debug|Any CPU
		{E5261E3E-E9C7-4C5C-00DB-409E6D096BFA}.Debug|Any CPU.Build.0 = Debug|Any CPU
		{E5261E3E-E9C7-4C5C-00DB-409E6D096BFA}.Release|Any CPU.ActiveCfg = Release|Any CPU
		{E5261E3E-E9C7-4C5C-00DB-409E6D096BFA}.Release|Any CPU.Build.0 = Release|Any CPU
		{EAB46F19-6DBA-AA3E-6260-7F20E10AF8D7}.Debug|Any CPU.ActiveCfg = Debug|Any CPU
		{EAB46F19-6DBA-AA3E-6260-7F20E10AF8D7}.Debug|Any CPU.Build.0 = Debug|Any CPU
		{EAB46F19-6DBA-AA3E-6260-7F20E10AF8D7}.Release|Any CPU.ActiveCfg = Release|Any CPU
		{EAB46F19-6DBA-AA3E-6260-7F20E10AF8D7}.Release|Any CPU.Build.0 = Release|Any CPU
		{4473D83E-F9D0-E4E1-414F-D71A18198EC5}.Debug|Any CPU.ActiveCfg = Debug|Any CPU
		{4473D83E-F9D0-E4E1-414F-D71A18198EC5}.Debug|Any CPU.Build.0 = Debug|Any CPU
		{4473D83E-F9D0-E4E1-414F-D71A18198EC5}.Release|Any CPU.ActiveCfg = Release|Any CPU
		{4473D83E-F9D0-E4E1-414F-D71A18198EC5}.Release|Any CPU.Build.0 = Release|Any CPU
		{1237CC26-A119-4107-0219-CCDDE6B7DE79}.Debug|Any CPU.ActiveCfg = Debug|Any CPU
		{1237CC26-A119-4107-0219-CCDDE6B7DE79}.Debug|Any CPU.Build.0 = Debug|Any CPU
		{1237CC26-A119-4107-0219-CCDDE6B7DE79}.Release|Any CPU.ActiveCfg = Release|Any CPU
		{1237CC26-A119-4107-0219-CCDDE6B7DE79}.Release|Any CPU.Build.0 = Release|Any CPU
		{49492DD8-6359-015E-1DE1-184318625B09}.Debug|Any CPU.ActiveCfg = Debug|Any CPU
		{49492DD8-6359-015E-1DE1-184318625B09}.Debug|Any CPU.Build.0 = Debug|Any CPU
		{49492DD8-6359-015E-1DE1-184318625B09}.Release|Any CPU.ActiveCfg = Release|Any CPU
		{49492DD8-6359-015E-1DE1-184318625B09}.Release|Any CPU.Build.0 = Release|Any CPU
		{97213863-E01A-8CC1-B1F4-E239667D54B9}.Debug|Any CPU.ActiveCfg = Debug|Any CPU
		{97213863-E01A-8CC1-B1F4-E239667D54B9}.Debug|Any CPU.Build.0 = Debug|Any CPU
		{97213863-E01A-8CC1-B1F4-E239667D54B9}.Release|Any CPU.ActiveCfg = Release|Any CPU
		{97213863-E01A-8CC1-B1F4-E239667D54B9}.Release|Any CPU.Build.0 = Release|Any CPU
		{A3F73E0C-5A44-1CA3-CABA-6D17C70E89D2}.Debug|Any CPU.ActiveCfg = Debug|Any CPU
		{A3F73E0C-5A44-1CA3-CABA-6D17C70E89D2}.Debug|Any CPU.Build.0 = Debug|Any CPU
		{A3F73E0C-5A44-1CA3-CABA-6D17C70E89D2}.Release|Any CPU.ActiveCfg = Release|Any CPU
		{A3F73E0C-5A44-1CA3-CABA-6D17C70E89D2}.Release|Any CPU.Build.0 = Release|Any CPU
		{E9614976-3859-4637-9D26-40118D4C5F83}.Debug|Any CPU.ActiveCfg = Debug|Any CPU
		{E9614976-3859-4637-9D26-40118D4C5F83}.Debug|Any CPU.Build.0 = Debug|Any CPU
		{E9614976-3859-4637-9D26-40118D4C5F83}.Release|Any CPU.ActiveCfg = Release|Any CPU
		{E9614976-3859-4637-9D26-40118D4C5F83}.Release|Any CPU.Build.0 = Release|Any CPU
		{BF7F1430-A0FC-2674-E5E9-7508E43327FF}.Debug|Any CPU.ActiveCfg = Debug|Any CPU
		{BF7F1430-A0FC-2674-E5E9-7508E43327FF}.Debug|Any CPU.Build.0 = Debug|Any CPU
		{BF7F1430-A0FC-2674-E5E9-7508E43327FF}.Release|Any CPU.ActiveCfg = Release|Any CPU
		{BF7F1430-A0FC-2674-E5E9-7508E43327FF}.Release|Any CPU.Build.0 = Release|Any CPU
		{40FD68BA-8847-B9DD-5E0A-A5E5CC9E0145}.Debug|Any CPU.ActiveCfg = Debug|Any CPU
		{40FD68BA-8847-B9DD-5E0A-A5E5CC9E0145}.Debug|Any CPU.Build.0 = Debug|Any CPU
		{40FD68BA-8847-B9DD-5E0A-A5E5CC9E0145}.Release|Any CPU.ActiveCfg = Release|Any CPU
		{40FD68BA-8847-B9DD-5E0A-A5E5CC9E0145}.Release|Any CPU.Build.0 = Release|Any CPU
		{7A4A0066-ADC1-5730-081A-841E6FCDE270}.Debug|Any CPU.ActiveCfg = Debug|Any CPU
		{7A4A0066-ADC1-5730-081A-841E6FCDE270}.Debug|Any CPU.Build.0 = Debug|Any CPU
		{7A4A0066-ADC1-5730-081A-841E6FCDE270}.Release|Any CPU.ActiveCfg = Release|Any CPU
		{7A4A0066-ADC1-5730-081A-841E6FCDE270}.Release|Any CPU.Build.0 = Release|Any CPU
		{56F608EB-E319-D3D7-797E-9792748D06E5}.Debug|Any CPU.ActiveCfg = Debug|Any CPU
		{56F608EB-E319-D3D7-797E-9792748D06E5}.Debug|Any CPU.Build.0 = Debug|Any CPU
		{56F608EB-E319-D3D7-797E-9792748D06E5}.Release|Any CPU.ActiveCfg = Release|Any CPU
		{56F608EB-E319-D3D7-797E-9792748D06E5}.Release|Any CPU.Build.0 = Release|Any CPU
		{E4D3B621-E0F6-BACE-44DF-20F4BCE0A5AE}.Debug|Any CPU.ActiveCfg = Debug|Any CPU
		{E4D3B621-E0F6-BACE-44DF-20F4BCE0A5AE}.Debug|Any CPU.Build.0 = Debug|Any CPU
		{E4D3B621-E0F6-BACE-44DF-20F4BCE0A5AE}.Release|Any CPU.ActiveCfg = Release|Any CPU
		{E4D3B621-E0F6-BACE-44DF-20F4BCE0A5AE}.Release|Any CPU.Build.0 = Release|Any CPU
		{896EA079-FA1E-1FEF-8659-5BE36FE2EE03}.Debug|Any CPU.ActiveCfg = Debug|Any CPU
		{896EA079-FA1E-1FEF-8659-5BE36FE2EE03}.Debug|Any CPU.Build.0 = Debug|Any CPU
		{896EA079-FA1E-1FEF-8659-5BE36FE2EE03}.Release|Any CPU.ActiveCfg = Release|Any CPU
		{896EA079-FA1E-1FEF-8659-5BE36FE2EE03}.Release|Any CPU.Build.0 = Release|Any CPU
		{081376D7-EC50-F472-3073-AABB9700D331}.Debug|Any CPU.ActiveCfg = Debug|Any CPU
		{081376D7-EC50-F472-3073-AABB9700D331}.Debug|Any CPU.Build.0 = Debug|Any CPU
		{081376D7-EC50-F472-3073-AABB9700D331}.Release|Any CPU.ActiveCfg = Release|Any CPU
		{081376D7-EC50-F472-3073-AABB9700D331}.Release|Any CPU.Build.0 = Release|Any CPU
	EndGlobalSection
	GlobalSection(SolutionProperties) = preSolution
		HideSolutionNode = FALSE
	EndGlobalSection
EndGlobal
